
Microsoft Visual Studio Solution File, Format Version 12.00
# Visual Studio Version 17
VisualStudioVersion = 17.7.34031.279
MinimumVisualStudioVersion = 10.0.40219.1
Project("{FAE04EC0-301F-11D3-BF4B-00C04F79EFBC}") = "JaguarPizza2", "JaguarPizza2\JaguarPizza2.csproj", "{328B1604-2E64-47EB-B92C-80CAB62D673A}"
EndProject
Global
	GlobalSection(SolutionConfigurationPlatforms) = preSolution
		Debug|Any CPU = Debug|Any CPU
		Release|Any CPU = Release|Any CPU
	EndGlobalSection
	GlobalSection(ProjectConfigurationPlatforms) = postSolution
		{328B1604-2E64-47EB-B92C-80CAB62D673A}.Debug|Any CPU.ActiveCfg = Debug|Any CPU
		{328B1604-2E64-47EB-B92C-80CAB62D673A}.Debug|Any CPU.Build.0 = Debug|Any CPU
		{328B1604-2E64-47EB-B92C-80CAB62D673A}.Release|Any CPU.ActiveCfg = Release|Any CPU
		{328B1604-2E64-47EB-B92C-80CAB62D673A}.Release|Any CPU.Build.0 = Release|Any CPU
	EndGlobalSection
	GlobalSection(SolutionProperties) = preSolution
		HideSolutionNode = FALSE
	EndGlobalSection
	GlobalSection(ExtensibilityGlobals) = postSolution
		SolutionGuid = {46BC277C-5A8C-4A64-B2C3-3802C8710F8A}
	EndGlobalSection
EndGlobal
