
Microsoft Visual Studio Solution File, Format Version 12.00
# Visual Studio Version 17
VisualStudioVersion = 17.7.34031.279
MinimumVisualStudioVersion = 10.0.40219.1
Project("{FAE04EC0-301F-11D3-BF4B-00C04F79EFBC}") = "JagSales", "JagSales\JagSales.csproj", "{F7E2727E-E91D-4F4D-ACAC-0C56B21D2AED}"
EndProject
Global
	GlobalSection(SolutionConfigurationPlatforms) = preSolution
		Debug|Any CPU = Debug|Any CPU
		Release|Any CPU = Release|Any CPU
	EndGlobalSection
	GlobalSection(ProjectConfigurationPlatforms) = postSolution
		{F7E2727E-E91D-4F4D-ACAC-0C56B21D2AED}.Debug|Any CPU.ActiveCfg = Debug|Any CPU
		{F7E2727E-E91D-4F4D-ACAC-0C56B21D2AED}.Debug|Any CPU.Build.0 = Debug|Any CPU
		{F7E2727E-E91D-4F4D-ACAC-0C56B21D2AED}.Release|Any CPU.ActiveCfg = Release|Any CPU
		{F7E2727E-E91D-4F4D-ACAC-0C56B21D2AED}.Release|Any CPU.Build.0 = Release|Any CPU
	EndGlobalSection
	GlobalSection(SolutionProperties) = preSolution
		HideSolutionNode = FALSE
	EndGlobalSection
	GlobalSection(ExtensibilityGlobals) = postSolution
		SolutionGuid = {5D4ED81C-DACC-4E12-A898-B847501F63EB}
	EndGlobalSection
EndGlobal
