
Microsoft Visual Studio Solution File, Format Version 12.00
# Visual Studio Version 17
VisualStudioVersion = 17.4.33213.308
MinimumVisualStudioVersion = 10.0.40219.1
Project("{FAE04EC0-301F-11D3-BF4B-00C04F79EFBC}") = "Chapter4 Classwork", "Chapter4 Classwork\Chapter4 Classwork.csproj", "{DB97268D-4E11-40F7-8B3B-D40FF1689494}"
EndProject
Global
	GlobalSection(SolutionConfigurationPlatforms) = preSolution
		Debug|Any CPU = Debug|Any CPU
		Release|Any CPU = Release|Any CPU
	EndGlobalSection
	GlobalSection(ProjectConfigurationPlatforms) = postSolution
		{DB97268D-4E11-40F7-8B3B-D40FF1689494}.Debug|Any CPU.ActiveCfg = Debug|Any CPU
		{DB97268D-4E11-40F7-8B3B-D40FF1689494}.Debug|Any CPU.Build.0 = Debug|Any CPU
		{DB97268D-4E11-40F7-8B3B-D40FF1689494}.Release|Any CPU.ActiveCfg = Release|Any CPU
		{DB97268D-4E11-40F7-8B3B-D40FF1689494}.Release|Any CPU.Build.0 = Release|Any CPU
	EndGlobalSection
	GlobalSection(SolutionProperties) = preSolution
		HideSolutionNode = FALSE
	EndGlobalSection
	GlobalSection(ExtensibilityGlobals) = postSolution
		SolutionGuid = {28761311-B187-4AAC-A8EF-AB0FD927E307}
	EndGlobalSection
EndGlobal
