
Microsoft Visual Studio Solution File, Format Version 12.00
# Visual Studio Version 17
VisualStudioVersion = 17.7.34018.315
MinimumVisualStudioVersion = 10.0.40219.1
Project("{FAE04EC0-301F-11D3-BF4B-00C04F79EFBC}") = "Ch2_DataTypes", "Ch2_DataTypes\Ch2_DataTypes.csproj", "{DB3F9465-CD91-4721-B9AF-59603E413CB8}"
EndProject
Global
	GlobalSection(SolutionConfigurationPlatforms) = preSolution
		Debug|Any CPU = Debug|Any CPU
		Release|Any CPU = Release|Any CPU
	EndGlobalSection
	GlobalSection(ProjectConfigurationPlatforms) = postSolution
		{DB3F9465-CD91-4721-B9AF-59603E413CB8}.Debug|Any CPU.ActiveCfg = Debug|Any CPU
		{DB3F9465-CD91-4721-B9AF-59603E413CB8}.Debug|Any CPU.Build.0 = Debug|Any CPU
		{DB3F9465-CD91-4721-B9AF-59603E413CB8}.Release|Any CPU.ActiveCfg = Release|Any CPU
		{DB3F9465-CD91-4721-B9AF-59603E413CB8}.Release|Any CPU.Build.0 = Release|Any CPU
	EndGlobalSection
	GlobalSection(SolutionProperties) = preSolution
		HideSolutionNode = FALSE
	EndGlobalSection
	GlobalSection(ExtensibilityGlobals) = postSolution
		SolutionGuid = {A758577B-27A8-482A-B680-478AA391B1FF}
	EndGlobalSection
EndGlobal
