
Microsoft Visual Studio Solution File, Format Version 12.00
# Visual Studio Version 17
VisualStudioVersion = 17.7.34031.279
MinimumVisualStudioVersion = 10.0.40219.1
Project("{FAE04EC0-301F-11D3-BF4B-00C04F79EFBC}") = "Week13HomeWork", "Week13HomeWork\Week13HomeWork.csproj", "{BE66C978-C191-49C0-9460-90B6B20DD290}"
EndProject
Global
	GlobalSection(SolutionConfigurationPlatforms) = preSolution
		Debug|Any CPU = Debug|Any CPU
		Release|Any CPU = Release|Any CPU
	EndGlobalSection
	GlobalSection(ProjectConfigurationPlatforms) = postSolution
		{BE66C978-C191-49C0-9460-90B6B20DD290}.Debug|Any CPU.ActiveCfg = Debug|Any CPU
		{BE66C978-C191-49C0-9460-90B6B20DD290}.Debug|Any CPU.Build.0 = Debug|Any CPU
		{BE66C978-C191-49C0-9460-90B6B20DD290}.Release|Any CPU.ActiveCfg = Release|Any CPU
		{BE66C978-C191-49C0-9460-90B6B20DD290}.Release|Any CPU.Build.0 = Release|Any CPU
	EndGlobalSection
	GlobalSection(SolutionProperties) = preSolution
		HideSolutionNode = FALSE
	EndGlobalSection
	GlobalSection(ExtensibilityGlobals) = postSolution
		SolutionGuid = {96563772-B0E3-4FAE-98A4-191EBB4F9EA7}
	EndGlobalSection
EndGlobal
