
Microsoft Visual Studio Solution File, Format Version 12.00
# Visual Studio Version 17
VisualStudioVersion = 17.7.34031.279
MinimumVisualStudioVersion = 10.0.40219.1
Project("{FAE04EC0-301F-11D3-BF4B-00C04F79EFBC}") = "JaguarPizza", "JaguarPizza\JaguarPizza.csproj", "{001EAC6E-0A2B-464C-ABB7-6AE5D6589C92}"
EndProject
Global
	GlobalSection(SolutionConfigurationPlatforms) = preSolution
		Debug|Any CPU = Debug|Any CPU
		Release|Any CPU = Release|Any CPU
	EndGlobalSection
	GlobalSection(ProjectConfigurationPlatforms) = postSolution
		{001EAC6E-0A2B-464C-ABB7-6AE5D6589C92}.Debug|Any CPU.ActiveCfg = Debug|Any CPU
		{001EAC6E-0A2B-464C-ABB7-6AE5D6589C92}.Debug|Any CPU.Build.0 = Debug|Any CPU
		{001EAC6E-0A2B-464C-ABB7-6AE5D6589C92}.Release|Any CPU.ActiveCfg = Release|Any CPU
		{001EAC6E-0A2B-464C-ABB7-6AE5D6589C92}.Release|Any CPU.Build.0 = Release|Any CPU
	EndGlobalSection
	GlobalSection(SolutionProperties) = preSolution
		HideSolutionNode = FALSE
	EndGlobalSection
	GlobalSection(ExtensibilityGlobals) = postSolution
		SolutionGuid = {EF01F83B-AD40-4B61-8E19-4F900749A5D9}
	EndGlobalSection
EndGlobal
