
Microsoft Visual Studio Solution File, Format Version 12.00
# Visual Studio Version 17
VisualStudioVersion = 17.7.34031.279
MinimumVisualStudioVersion = 10.0.40219.1
Project("{FAE04EC0-301F-11D3-BF4B-00C04F79EFBC}") = "Ch5_Methods", "Ch5_Methods\Ch5_Methods.csproj", "{D59520A7-B8E2-468F-930F-9632B08C0FE2}"
EndProject
Global
	GlobalSection(SolutionConfigurationPlatforms) = preSolution
		Debug|Any CPU = Debug|Any CPU
		Release|Any CPU = Release|Any CPU
	EndGlobalSection
	GlobalSection(ProjectConfigurationPlatforms) = postSolution
		{D59520A7-B8E2-468F-930F-9632B08C0FE2}.Debug|Any CPU.ActiveCfg = Debug|Any CPU
		{D59520A7-B8E2-468F-930F-9632B08C0FE2}.Debug|Any CPU.Build.0 = Debug|Any CPU
		{D59520A7-B8E2-468F-930F-9632B08C0FE2}.Release|Any CPU.ActiveCfg = Release|Any CPU
		{D59520A7-B8E2-468F-930F-9632B08C0FE2}.Release|Any CPU.Build.0 = Release|Any CPU
	EndGlobalSection
	GlobalSection(SolutionProperties) = preSolution
		HideSolutionNode = FALSE
	EndGlobalSection
	GlobalSection(ExtensibilityGlobals) = postSolution
		SolutionGuid = {034071CD-727F-4EF0-97CC-B4AD8F79B335}
	EndGlobalSection
EndGlobal
