
Microsoft Visual Studio Solution File, Format Version 12.00
# Visual Studio Version 17
VisualStudioVersion = 17.7.34031.279
MinimumVisualStudioVersion = 10.0.40219.1
Project("{FAE04EC0-301F-11D3-BF4B-00C04F79EFBC}") = "Ch6_GUIcontrols", "Ch6_GUIcontrols\Ch6_GUIcontrols.csproj", "{7364E0B5-11C3-42FB-94C3-18F1BD5B656B}"
EndProject
Global
	GlobalSection(SolutionConfigurationPlatforms) = preSolution
		Debug|Any CPU = Debug|Any CPU
		Release|Any CPU = Release|Any CPU
	EndGlobalSection
	GlobalSection(ProjectConfigurationPlatforms) = postSolution
		{7364E0B5-11C3-42FB-94C3-18F1BD5B656B}.Debug|Any CPU.ActiveCfg = Debug|Any CPU
		{7364E0B5-11C3-42FB-94C3-18F1BD5B656B}.Debug|Any CPU.Build.0 = Debug|Any CPU
		{7364E0B5-11C3-42FB-94C3-18F1BD5B656B}.Release|Any CPU.ActiveCfg = Release|Any CPU
		{7364E0B5-11C3-42FB-94C3-18F1BD5B656B}.Release|Any CPU.Build.0 = Release|Any CPU
	EndGlobalSection
	GlobalSection(SolutionProperties) = preSolution
		HideSolutionNode = FALSE
	EndGlobalSection
	GlobalSection(ExtensibilityGlobals) = postSolution
		SolutionGuid = {81E67F33-E3FB-4655-9090-D77C4FE0B393}
	EndGlobalSection
EndGlobal
