
Microsoft Visual Studio Solution File, Format Version 12.00
# Visual Studio Version 17
VisualStudioVersion = 17.7.34018.315
MinimumVisualStudioVersion = 10.0.40219.1
Project("{FAE04EC0-301F-11D3-BF4B-00C04F79EFBC}") = "Exercises_Ch2", "Exercises_Ch2\Exercises_Ch2.csproj", "{D8D8788A-BBD2-405C-A25C-0A00FF2E7B5D}"
EndProject
Global
	GlobalSection(SolutionConfigurationPlatforms) = preSolution
		Debug|Any CPU = Debug|Any CPU
		Release|Any CPU = Release|Any CPU
	EndGlobalSection
	GlobalSection(ProjectConfigurationPlatforms) = postSolution
		{D8D8788A-BBD2-405C-A25C-0A00FF2E7B5D}.Debug|Any CPU.ActiveCfg = Debug|Any CPU
		{D8D8788A-BBD2-405C-A25C-0A00FF2E7B5D}.Debug|Any CPU.Build.0 = Debug|Any CPU
		{D8D8788A-BBD2-405C-A25C-0A00FF2E7B5D}.Release|Any CPU.ActiveCfg = Release|Any CPU
		{D8D8788A-BBD2-405C-A25C-0A00FF2E7B5D}.Release|Any CPU.Build.0 = Release|Any CPU
	EndGlobalSection
	GlobalSection(SolutionProperties) = preSolution
		HideSolutionNode = FALSE
	EndGlobalSection
	GlobalSection(ExtensibilityGlobals) = postSolution
		SolutionGuid = {18FE8497-418D-41C0-B182-18951EA03C4F}
	EndGlobalSection
EndGlobal
