
Microsoft Visual Studio Solution File, Format Version 12.00
# Visual Studio Version 17
VisualStudioVersion = 17.7.34031.279
MinimumVisualStudioVersion = 10.0.40219.1
Project("{FAE04EC0-301F-11D3-BF4B-00C04F79EFBC}") = "Ch7_Arrays", "Ch7_Arrays\Ch7_Arrays.csproj", "{56A57F2E-5AB9-4E17-95F8-255DE6B52BB7}"
EndProject
Global
	GlobalSection(SolutionConfigurationPlatforms) = preSolution
		Debug|Any CPU = Debug|Any CPU
		Release|Any CPU = Release|Any CPU
	EndGlobalSection
	GlobalSection(ProjectConfigurationPlatforms) = postSolution
		{56A57F2E-5AB9-4E17-95F8-255DE6B52BB7}.Debug|Any CPU.ActiveCfg = Debug|Any CPU
		{56A57F2E-5AB9-4E17-95F8-255DE6B52BB7}.Debug|Any CPU.Build.0 = Debug|Any CPU
		{56A57F2E-5AB9-4E17-95F8-255DE6B52BB7}.Release|Any CPU.ActiveCfg = Release|Any CPU
		{56A57F2E-5AB9-4E17-95F8-255DE6B52BB7}.Release|Any CPU.Build.0 = Release|Any CPU
	EndGlobalSection
	GlobalSection(SolutionProperties) = preSolution
		HideSolutionNode = FALSE
	EndGlobalSection
	GlobalSection(ExtensibilityGlobals) = postSolution
		SolutionGuid = {0A08F3A9-B3A0-4379-8BEF-DD40A5D126EC}
	EndGlobalSection
EndGlobal
