
Microsoft Visual Studio Solution File, Format Version 12.00
# Visual Studio Version 17
VisualStudioVersion = 17.7.34018.315
MinimumVisualStudioVersion = 10.0.40219.1
Project("{FAE04EC0-301F-11D3-BF4B-00C04F79EFBC}") = "Ch3_HelpDeskAssignment", "Ch3_HelpDeskAssignment\Ch3_HelpDeskAssignment.csproj", "{7174EB5D-4408-4BC3-B67A-BE629B6A46ED}"
EndProject
Global
	GlobalSection(SolutionConfigurationPlatforms) = preSolution
		Debug|Any CPU = Debug|Any CPU
		Release|Any CPU = Release|Any CPU
	EndGlobalSection
	GlobalSection(ProjectConfigurationPlatforms) = postSolution
		{7174EB5D-4408-4BC3-B67A-BE629B6A46ED}.Debug|Any CPU.ActiveCfg = Debug|Any CPU
		{7174EB5D-4408-4BC3-B67A-BE629B6A46ED}.Debug|Any CPU.Build.0 = Debug|Any CPU
		{7174EB5D-4408-4BC3-B67A-BE629B6A46ED}.Release|Any CPU.ActiveCfg = Release|Any CPU
		{7174EB5D-4408-4BC3-B67A-BE629B6A46ED}.Release|Any CPU.Build.0 = Release|Any CPU
	EndGlobalSection
	GlobalSection(SolutionProperties) = preSolution
		HideSolutionNode = FALSE
	EndGlobalSection
	GlobalSection(ExtensibilityGlobals) = postSolution
		SolutionGuid = {1D2687DE-4554-433D-9063-783425340232}
	EndGlobalSection
EndGlobal
