
Microsoft Visual Studio Solution File, Format Version 12.00
# Visual Studio Version 17
VisualStudioVersion = 17.7.34018.315
MinimumVisualStudioVersion = 10.0.40219.1
Project("{FAE04EC0-301F-11D3-BF4B-00C04F79EFBC}") = "Week4Hotel", "Week4Hotel\Week4Hotel.csproj", "{75DB761E-17E2-446A-BA6E-08703CBC067A}"
EndProject
Global
	GlobalSection(SolutionConfigurationPlatforms) = preSolution
		Debug|Any CPU = Debug|Any CPU
		Release|Any CPU = Release|Any CPU
	EndGlobalSection
	GlobalSection(ProjectConfigurationPlatforms) = postSolution
		{75DB761E-17E2-446A-BA6E-08703CBC067A}.Debug|Any CPU.ActiveCfg = Debug|Any CPU
		{75DB761E-17E2-446A-BA6E-08703CBC067A}.Debug|Any CPU.Build.0 = Debug|Any CPU
		{75DB761E-17E2-446A-BA6E-08703CBC067A}.Release|Any CPU.ActiveCfg = Release|Any CPU
		{75DB761E-17E2-446A-BA6E-08703CBC067A}.Release|Any CPU.Build.0 = Release|Any CPU
	EndGlobalSection
	GlobalSection(SolutionProperties) = preSolution
		HideSolutionNode = FALSE
	EndGlobalSection
	GlobalSection(ExtensibilityGlobals) = postSolution
		SolutionGuid = {C756FF61-0BA1-450F-842A-DCF2E9EB9AA1}
	EndGlobalSection
EndGlobal
