
Microsoft Visual Studio Solution File, Format Version 12.00
# Visual Studio Version 17
VisualStudioVersion = 17.7.34031.279
MinimumVisualStudioVersion = 10.0.40219.1
Project("{FAE04EC0-301F-11D3-BF4B-00C04F79EFBC}") = "Week13Sundaes_wed", "Week13Sundaes_wed\Week13Sundaes_wed.csproj", "{3A0C8340-FC69-4DBC-A4BF-B35EE92CBA08}"
EndProject
Global
	GlobalSection(SolutionConfigurationPlatforms) = preSolution
		Debug|Any CPU = Debug|Any CPU
		Release|Any CPU = Release|Any CPU
	EndGlobalSection
	GlobalSection(ProjectConfigurationPlatforms) = postSolution
		{3A0C8340-FC69-4DBC-A4BF-B35EE92CBA08}.Debug|Any CPU.ActiveCfg = Debug|Any CPU
		{3A0C8340-FC69-4DBC-A4BF-B35EE92CBA08}.Debug|Any CPU.Build.0 = Debug|Any CPU
		{3A0C8340-FC69-4DBC-A4BF-B35EE92CBA08}.Release|Any CPU.ActiveCfg = Release|Any CPU
		{3A0C8340-FC69-4DBC-A4BF-B35EE92CBA08}.Release|Any CPU.Build.0 = Release|Any CPU
	EndGlobalSection
	GlobalSection(SolutionProperties) = preSolution
		HideSolutionNode = FALSE
	EndGlobalSection
	GlobalSection(ExtensibilityGlobals) = postSolution
		SolutionGuid = {282817B5-624C-4255-AC71-48DAB0D8FD83}
	EndGlobalSection
EndGlobal
