
Microsoft Visual Studio Solution File, Format Version 12.00
# Visual Studio Version 17
VisualStudioVersion = 17.4.33213.308
MinimumVisualStudioVersion = 10.0.40219.1
Project("{FAE04EC0-301F-11D3-BF4B-00C04F79EFBC}") = "Week8StudentInfo", "Week8StudentInfo\Week8StudentInfo.csproj", "{8277FE5C-4C55-4AE6-AE0E-F8D675A04714}"
EndProject
Global
	GlobalSection(SolutionConfigurationPlatforms) = preSolution
		Debug|Any CPU = Debug|Any CPU
		Release|Any CPU = Release|Any CPU
	EndGlobalSection
	GlobalSection(ProjectConfigurationPlatforms) = postSolution
		{8277FE5C-4C55-4AE6-AE0E-F8D675A04714}.Debug|Any CPU.ActiveCfg = Debug|Any CPU
		{8277FE5C-4C55-4AE6-AE0E-F8D675A04714}.Debug|Any CPU.Build.0 = Debug|Any CPU
		{8277FE5C-4C55-4AE6-AE0E-F8D675A04714}.Release|Any CPU.ActiveCfg = Release|Any CPU
		{8277FE5C-4C55-4AE6-AE0E-F8D675A04714}.Release|Any CPU.Build.0 = Release|Any CPU
	EndGlobalSection
	GlobalSection(SolutionProperties) = preSolution
		HideSolutionNode = FALSE
	EndGlobalSection
	GlobalSection(ExtensibilityGlobals) = postSolution
		SolutionGuid = {E900C409-BFD2-4B87-AE7B-47953A2D01AD}
	EndGlobalSection
EndGlobal
